// !$*UTF8*$!
{
	archiveVersion = 1;
	classes = {
	};
	objectVersion = 51;
	objects = {

/* Begin PBXBuildFile section */
		720C7A6D243283C70018B1EF /* AppDelegate.swift in Sources */ = {isa = PBXBuildFile; fileRef = 720C7A6C243283C70018B1EF /* AppDelegate.swift */; };
		720C7A6F243283C70018B1EF /* SceneDelegate.swift in Sources */ = {isa = PBXBuildFile; fileRef = 720C7A6E243283C70018B1EF /* SceneDelegate.swift */; };
		720C7A71243283C70018B1EF /* AppleMapViewController.swift in Sources */ = {isa = PBXBuildFile; fileRef = 720C7A70243283C70018B1EF /* AppleMapViewController.swift */; };
		720C7A74243283C70018B1EF /* Main.storyboard in Resources */ = {isa = PBXBuildFile; fileRef = 720C7A72243283C70018B1EF /* Main.storyboard */; };
		720C7A76243283C70018B1EF /* Assets.xcassets in Resources */ = {isa = PBXBuildFile; fileRef = 720C7A75243283C70018B1EF /* Assets.xcassets */; };
		720C7A79243283C70018B1EF /* LaunchScreen.storyboard in Resources */ = {isa = PBXBuildFile; fileRef = 720C7A77243283C70018B1EF /* LaunchScreen.storyboard */; };
		720C7A822432A1B00018B1EF /* MapKit.framework in Frameworks */ = {isa = PBXBuildFile; fileRef = 720C7A812432A1B00018B1EF /* MapKit.framework */; };
		72BF69772432AF7D0037A74F /* Attraction.swift in Sources */ = {isa = PBXBuildFile; fileRef = 72BF69762432AF7D0037A74F /* Attraction.swift */; };
		72BF697A243345820037A74F /* DBManager.swift in Sources */ = {isa = PBXBuildFile; fileRef = 72BF6979243345820037A74F /* DBManager.swift */; };
		72BF697C2433A0B10037A74F /* AttractionAnnotation.swift in Sources */ = {isa = PBXBuildFile; fileRef = 72BF697B2433A0B10037A74F /* AttractionAnnotation.swift */; };
		72BF698324347FAA0037A74F /* GoogleMapsViewController.swift in Sources */ = {isa = PBXBuildFile; fileRef = 72BF698224347FAA0037A74F /* GoogleMapsViewController.swift */; };
		72BF6985243486470037A74F /* AttractionMarker.swift in Sources */ = {isa = PBXBuildFile; fileRef = 72BF6984243486470037A74F /* AttractionMarker.swift */; };
		E426F58CEC75C5EAB9CAB6C8 /* Pods_AttractionsMap.framework in Frameworks */ = {isa = PBXBuildFile; fileRef = 8A5786FBCFE46900F9B721BE /* Pods_AttractionsMap.framework */; };
/* End PBXBuildFile section */

/* Begin PBXFileReference section */
		720C7A69243283C70018B1EF /* AttractionsMap.app */ = {isa = PBXFileReference; explicitFileType = wrapper.application; includeInIndex = 0; path = AttractionsMap.app; sourceTree = BUILT_PRODUCTS_DIR; };
		720C7A6C243283C70018B1EF /* AppDelegate.swift */ = {isa = PBXFileReference; lastKnownFileType = sourcecode.swift; path = AppDelegate.swift; sourceTree = "<group>"; };
		720C7A6E243283C70018B1EF /* SceneDelegate.swift */ = {isa = PBXFileReference; lastKnownFileType = sourcecode.swift; path = SceneDelegate.swift; sourceTree = "<group>"; };
		720C7A70243283C70018B1EF /* AppleMapViewController.swift */ = {isa = PBXFileReference; lastKnownFileType = sourcecode.swift; path = AppleMapViewController.swift; sourceTree = "<group>"; };
		720C7A73243283C70018B1EF /* Base */ = {isa = PBXFileReference; lastKnownFileType = file.storyboard; name = Base; path = Base.lproj/Main.storyboard; sourceTree = "<group>"; };
		720C7A75243283C70018B1EF /* Assets.xcassets */ = {isa = PBXFileReference; lastKnownFileType = folder.assetcatalog; path = Assets.xcassets; sourceTree = "<group>"; };
		720C7A78243283C70018B1EF /* Base */ = {isa = PBXFileReference; lastKnownFileType = file.storyboard; name = Base; path = Base.lproj/LaunchScreen.storyboard; sourceTree = "<group>"; };
		720C7A7A243283C70018B1EF /* Info.plist */ = {isa = PBXFileReference; lastKnownFileType = text.plist.xml; path = Info.plist; sourceTree = "<group>"; };
		720C7A812432A1B00018B1EF /* MapKit.framework */ = {isa = PBXFileReference; lastKnownFileType = wrapper.framework; name = MapKit.framework; path = System/Library/Frameworks/MapKit.framework; sourceTree = SDKROOT; };
		72BF69762432AF7D0037A74F /* Attraction.swift */ = {isa = PBXFileReference; lastKnownFileType = sourcecode.swift; path = Attraction.swift; sourceTree = "<group>"; };
		72BF6979243345820037A74F /* DBManager.swift */ = {isa = PBXFileReference; lastKnownFileType = sourcecode.swift; path = DBManager.swift; sourceTree = "<group>"; };
		72BF697B2433A0B10037A74F /* AttractionAnnotation.swift */ = {isa = PBXFileReference; lastKnownFileType = sourcecode.swift; path = AttractionAnnotation.swift; sourceTree = "<group>"; };
		72BF698224347FAA0037A74F /* GoogleMapsViewController.swift */ = {isa = PBXFileReference; lastKnownFileType = sourcecode.swift; path = GoogleMapsViewController.swift; sourceTree = "<group>"; };
		72BF6984243486470037A74F /* AttractionMarker.swift */ = {isa = PBXFileReference; lastKnownFileType = sourcecode.swift; path = AttractionMarker.swift; sourceTree = "<group>"; };
		7C9D4BFF333D7C7A62ED41A6 /* Pods-AttractionsMap.debug.xcconfig */ = {isa = PBXFileReference; includeInIndex = 1; lastKnownFileType = text.xcconfig; name = "Pods-AttractionsMap.debug.xcconfig"; path = "Target Support Files/Pods-AttractionsMap/Pods-AttractionsMap.debug.xcconfig"; sourceTree = "<group>"; };
		8A5786FBCFE46900F9B721BE /* Pods_AttractionsMap.framework */ = {isa = PBXFileReference; explicitFileType = wrapper.framework; includeInIndex = 0; path = Pods_AttractionsMap.framework; sourceTree = BUILT_PRODUCTS_DIR; };
		986796479F1A89B0E5417BAC /* Pods-AttractionsMap.release.xcconfig */ = {isa = PBXFileReference; includeInIndex = 1; lastKnownFileType = text.xcconfig; name = "Pods-AttractionsMap.release.xcconfig"; path = "Target Support Files/Pods-AttractionsMap/Pods-AttractionsMap.release.xcconfig"; sourceTree = "<group>"; };
/* End PBXFileReference section */

/* Begin PBXFrameworksBuildPhase section */
		720C7A66243283C70018B1EF /* Frameworks */ = {
			isa = PBXFrameworksBuildPhase;
			buildActionMask = 2147483647;
			files = (
				720C7A822432A1B00018B1EF /* MapKit.framework in Frameworks */,
				E426F58CEC75C5EAB9CAB6C8 /* Pods_AttractionsMap.framework in Frameworks */,
			);
			runOnlyForDeploymentPostprocessing = 0;
		};
/* End PBXFrameworksBuildPhase section */

/* Begin PBXGroup section */
		41498749DD21C81273AE1EEA /* Pods */ = {
			isa = PBXGroup;
			children = (
				7C9D4BFF333D7C7A62ED41A6 /* Pods-AttractionsMap.debug.xcconfig */,
				986796479F1A89B0E5417BAC /* Pods-AttractionsMap.release.xcconfig */,
			);
			path = Pods;
			sourceTree = "<group>";
		};
		720C7A60243283C70018B1EF = {
			isa = PBXGroup;
			children = (
				720C7A6B243283C70018B1EF /* AttractionsMap */,
				720C7A6A243283C70018B1EF /* Products */,
				720C7A802432A1B00018B1EF /* Frameworks */,
				41498749DD21C81273AE1EEA /* Pods */,
			);
			sourceTree = "<group>";
		};
		720C7A6A243283C70018B1EF /* Products */ = {
			isa = PBXGroup;
			children = (
				720C7A69243283C70018B1EF /* AttractionsMap.app */,
			);
			name = Products;
			sourceTree = "<group>";
		};
		720C7A6B243283C70018B1EF /* AttractionsMap */ = {
			isa = PBXGroup;
			children = (
				720C7A8B2432A4FD0018B1EF /* AppleMaps */,
				72BF698024347F8E0037A74F /* GoogleMaps */,
				72BF697E2433ED240037A74F /* View */,
				72BF6978243345770037A74F /* Managers */,
				720C7A6C243283C70018B1EF /* AppDelegate.swift */,
				720C7A6E243283C70018B1EF /* SceneDelegate.swift */,
				720C7A75243283C70018B1EF /* Assets.xcassets */,
				720C7A7A243283C70018B1EF /* Info.plist */,
				72BF697D2433ED110037A74F /* Models */,
			);
			path = AttractionsMap;
			sourceTree = "<group>";
		};
		720C7A802432A1B00018B1EF /* Frameworks */ = {
			isa = PBXGroup;
			children = (
				720C7A812432A1B00018B1EF /* MapKit.framework */,
				8A5786FBCFE46900F9B721BE /* Pods_AttractionsMap.framework */,
			);
			name = Frameworks;
			sourceTree = "<group>";
		};
		720C7A8B2432A4FD0018B1EF /* AppleMaps */ = {
			isa = PBXGroup;
			children = (
				72BF697F2433ED330037A74F /* Controller */,
			);
			path = AppleMaps;
			sourceTree = "<group>";
		};
		72BF6978243345770037A74F /* Managers */ = {
			isa = PBXGroup;
			children = (
				72BF6979243345820037A74F /* DBManager.swift */,
			);
			path = Managers;
			sourceTree = "<group>";
		};
		72BF697D2433ED110037A74F /* Models */ = {
			isa = PBXGroup;
			children = (
				72BF69762432AF7D0037A74F /* Attraction.swift */,
				72BF697B2433A0B10037A74F /* AttractionAnnotation.swift */,
				72BF6984243486470037A74F /* AttractionMarker.swift */,
			);
			path = Models;
			sourceTree = "<group>";
		};
		72BF697E2433ED240037A74F /* View */ = {
			isa = PBXGroup;
			children = (
				720C7A72243283C70018B1EF /* Main.storyboard */,
				720C7A77243283C70018B1EF /* LaunchScreen.storyboard */,
			);
			path = View;
			sourceTree = "<group>";
		};
		72BF697F2433ED330037A74F /* Controller */ = {
			isa = PBXGroup;
			children = (
				720C7A70243283C70018B1EF /* AppleMapViewController.swift */,
			);
			path = Controller;
			sourceTree = "<group>";
		};
		72BF698024347F8E0037A74F /* GoogleMaps */ = {
			isa = PBXGroup;
			children = (
				72BF698124347F990037A74F /* Controller */,
			);
			path = GoogleMaps;
			sourceTree = "<group>";
		};
		72BF698124347F990037A74F /* Controller */ = {
			isa = PBXGroup;
			children = (
				72BF698224347FAA0037A74F /* GoogleMapsViewController.swift */,
			);
			path = Controller;
			sourceTree = "<group>";
		};
/* End PBXGroup section */

/* Begin PBXNativeTarget section */
		720C7A68243283C70018B1EF /* AttractionsMap */ = {
			isa = PBXNativeTarget;
			buildConfigurationList = 720C7A7D243283C70018B1EF /* Build configuration list for PBXNativeTarget "AttractionsMap" */;
			buildPhases = (
				62447C1A969BA314CE50B518 /* [CP] Check Pods Manifest.lock */,
				720C7A65243283C70018B1EF /* Sources */,
				720C7A66243283C70018B1EF /* Frameworks */,
				720C7A67243283C70018B1EF /* Resources */,
				4B41EC5DBA43886BFF8C68BF /* [CP] Embed Pods Frameworks */,
				33E73E4D7CA06C18CC920DB3 /* [CP] Copy Pods Resources */,
			);
			buildRules = (
			);
			dependencies = (
			);
			name = AttractionsMap;
			productName = AttractionsMap;
			productReference = 720C7A69243283C70018B1EF /* AttractionsMap.app */;
			productType = "com.apple.product-type.application";
		};
/* End PBXNativeTarget section */

/* Begin PBXProject section */
		720C7A61243283C70018B1EF /* Project object */ = {
			isa = PBXProject;
			attributes = {
				LastSwiftUpdateCheck = 1140;
				LastUpgradeCheck = 1140;
				ORGANIZATIONNAME = "Никита Гундорин";
				TargetAttributes = {
					720C7A68243283C70018B1EF = {
						CreatedOnToolsVersion = 11.4;
					};
				};
			};
			buildConfigurationList = 720C7A64243283C70018B1EF /* Build configuration list for PBXProject "AttractionsMap" */;
			compatibilityVersion = "Xcode 9.3";
			developmentRegion = en;
			hasScannedForEncodings = 0;
			knownRegions = (
				en,
				Base,
			);
			mainGroup = 720C7A60243283C70018B1EF;
			productRefGroup = 720C7A6A243283C70018B1EF /* Products */;
			projectDirPath = "";
			projectRoot = "";
			targets = (
				720C7A68243283C70018B1EF /* AttractionsMap */,
			);
		};
/* End PBXProject section */

/* Begin PBXResourcesBuildPhase section */
		720C7A67243283C70018B1EF /* Resources */ = {
			isa = PBXResourcesBuildPhase;
			buildActionMask = 2147483647;
			files = (
				720C7A79243283C70018B1EF /* LaunchScreen.storyboard in Resources */,
				720C7A76243283C70018B1EF /* Assets.xcassets in Resources */,
				720C7A74243283C70018B1EF /* Main.storyboard in Resources */,
			);
			runOnlyForDeploymentPostprocessing = 0;
		};
/* End PBXResourcesBuildPhase section */

/* Begin PBXShellScriptBuildPhase section */
		33E73E4D7CA06C18CC920DB3 /* [CP] Copy Pods Resources */ = {
			isa = PBXShellScriptBuildPhase;
			buildActionMask = 2147483647;
			files = (
			);
			inputFileListPaths = (
				"${PODS_ROOT}/Target Support Files/Pods-AttractionsMap/Pods-AttractionsMap-resources-${CONFIGURATION}-input-files.xcfilelist",
			);
			name = "[CP] Copy Pods Resources";
			outputFileListPaths = (
				"${PODS_ROOT}/Target Support Files/Pods-AttractionsMap/Pods-AttractionsMap-resources-${CONFIGURATION}-output-files.xcfilelist",
			);
			runOnlyForDeploymentPostprocessing = 0;
			shellPath = /bin/sh;
			shellScript = "\"${PODS_ROOT}/Target Support Files/Pods-AttractionsMap/Pods-AttractionsMap-resources.sh\"\n";
			showEnvVarsInLog = 0;
		};
		4B41EC5DBA43886BFF8C68BF /* [CP] Embed Pods Frameworks */ = {
			isa = PBXShellScriptBuildPhase;
			buildActionMask = 2147483647;
			files = (
			);
			inputFileListPaths = (
				"${PODS_ROOT}/Target Support Files/Pods-AttractionsMap/Pods-AttractionsMap-frameworks-${CONFIGURATION}-input-files.xcfilelist",
			);
			name = "[CP] Embed Pods Frameworks";
			outputFileListPaths = (
				"${PODS_ROOT}/Target Support Files/Pods-AttractionsMap/Pods-AttractionsMap-frameworks-${CONFIGURATION}-output-files.xcfilelist",
			);
			runOnlyForDeploymentPostprocessing = 0;
			shellPath = /bin/sh;
			shellScript = "\"${PODS_ROOT}/Target Support Files/Pods-AttractionsMap/Pods-AttractionsMap-frameworks.sh\"\n";
			showEnvVarsInLog = 0;
		};
		62447C1A969BA314CE50B518 /* [CP] Check Pods Manifest.lock */ = {
			isa = PBXShellScriptBuildPhase;
			buildActionMask = 2147483647;
			files = (
			);
			inputFileListPaths = (
			);
			inputPaths = (
				"${PODS_PODFILE_DIR_PATH}/Podfile.lock",
				"${PODS_ROOT}/Manifest.lock",
			);
			name = "[CP] Check Pods Manifest.lock";
			outputFileListPaths = (
			);
			outputPaths = (
				"$(DERIVED_FILE_DIR)/Pods-AttractionsMap-checkManifestLockResult.txt",
			);
			runOnlyForDeploymentPostprocessing = 0;
			shellPath = /bin/sh;
			shellScript = "diff \"${PODS_PODFILE_DIR_PATH}/Podfile.lock\" \"${PODS_ROOT}/Manifest.lock\" > /dev/null\nif [ $? != 0 ] ; then\n    # print error to STDERR\n    echo \"error: The sandbox is not in sync with the Podfile.lock. Run 'pod install' or update your CocoaPods installation.\" >&2\n    exit 1\nfi\n# This output is used by Xcode 'outputs' to avoid re-running this script phase.\necho \"SUCCESS\" > \"${SCRIPT_OUTPUT_FILE_0}\"\n";
			showEnvVarsInLog = 0;
		};
/* End PBXShellScriptBuildPhase section */

/* Begin PBXSourcesBuildPhase section */
		720C7A65243283C70018B1EF /* Sources */ = {
			isa = PBXSourcesBuildPhase;
			buildActionMask = 2147483647;
			files = (
				72BF697A243345820037A74F /* DBManager.swift in Sources */,
				72BF69772432AF7D0037A74F /* Attraction.swift in Sources */,
				720C7A71243283C70018B1EF /* AppleMapViewController.swift in Sources */,
				720C7A6D243283C70018B1EF /* AppDelegate.swift in Sources */,
				72BF6985243486470037A74F /* AttractionMarker.swift in Sources */,
				72BF698324347FAA0037A74F /* GoogleMapsViewController.swift in Sources */,
				720C7A6F243283C70018B1EF /* SceneDelegate.swift in Sources */,
				72BF697C2433A0B10037A74F /* AttractionAnnotation.swift in Sources */,
			);
			runOnlyForDeploymentPostprocessing = 0;
		};
/* End PBXSourcesBuildPhase section */

/* Begin PBXVariantGroup section */
		720C7A72243283C70018B1EF /* Main.storyboard */ = {
			isa = PBXVariantGroup;
			children = (
				720C7A73243283C70018B1EF /* Base */,
			);
			name = Main.storyboard;
			sourceTree = "<group>";
		};
		720C7A77243283C70018B1EF /* LaunchScreen.storyboard */ = {
			isa = PBXVariantGroup;
			children = (
				720C7A78243283C70018B1EF /* Base */,
			);
			name = LaunchScreen.storyboard;
			sourceTree = "<group>";
		};
/* End PBXVariantGroup section */

/* Begin XCBuildConfiguration section */
		720C7A7B243283C70018B1EF /* Debug */ = {
			isa = XCBuildConfiguration;
			buildSettings = {
				ALWAYS_SEARCH_USER_PATHS = NO;
				CLANG_ANALYZER_NONNULL = YES;
				CLANG_ANALYZER_NUMBER_OBJECT_CONVERSION = YES_AGGRESSIVE;
				CLANG_CXX_LANGUAGE_STANDARD = "gnu++14";
				CLANG_CXX_LIBRARY = "libc++";
				CLANG_ENABLE_MODULES = YES;
				CLANG_ENABLE_OBJC_ARC = YES;
				CLANG_ENABLE_OBJC_WEAK = YES;
				CLANG_WARN_BLOCK_CAPTURE_AUTORELEASING = YES;
				CLANG_WARN_BOOL_CONVERSION = YES;
				CLANG_WARN_COMMA = YES;
				CLANG_WARN_CONSTANT_CONVERSION = YES;
				CLANG_WARN_DEPRECATED_OBJC_IMPLEMENTATIONS = YES;
				CLANG_WARN_DIRECT_OBJC_ISA_USAGE = YES_ERROR;
				CLANG_WARN_DOCUMENTATION_COMMENTS = YES;
				CLANG_WARN_EMPTY_BODY = YES;
				CLANG_WARN_ENUM_CONVERSION = YES;
				CLANG_WARN_INFINITE_RECURSION = YES;
				CLANG_WARN_INT_CONVERSION = YES;
				CLANG_WARN_NON_LITERAL_NULL_CONVERSION = YES;
				CLANG_WARN_OBJC_IMPLICIT_RETAIN_SELF = YES;
				CLANG_WARN_OBJC_LITERAL_CONVERSION = YES;
				CLANG_WARN_OBJC_ROOT_CLASS = YES_ERROR;
				CLANG_WARN_RANGE_LOOP_ANALYSIS = YES;
				CLANG_WARN_STRICT_PROTOTYPES = YES;
				CLANG_WARN_SUSPICIOUS_MOVE = YES;
				CLANG_WARN_UNGUARDED_AVAILABILITY = YES_AGGRESSIVE;
				CLANG_WARN_UNREACHABLE_CODE = YES;
				CLANG_WARN__DUPLICATE_METHOD_MATCH = YES;
				COPY_PHASE_STRIP = NO;
				DEBUG_INFORMATION_FORMAT = dwarf;
				ENABLE_STRICT_OBJC_MSGSEND = YES;
				ENABLE_TESTABILITY = YES;
				GCC_C_LANGUAGE_STANDARD = gnu11;
				GCC_DYNAMIC_NO_PIC = NO;
				GCC_NO_COMMON_BLOCKS = YES;
				GCC_OPTIMIZATION_LEVEL = 0;
				GCC_PREPROCESSOR_DEFINITIONS = (
					"DEBUG=1",
					"$(inherited)",
				);
				GCC_WARN_64_TO_32_BIT_CONVERSION = YES;
				GCC_WARN_ABOUT_RETURN_TYPE = YES_ERROR;
				GCC_WARN_UNDECLARED_SELECTOR = YES;
				GCC_WARN_UNINITIALIZED_AUTOS = YES_AGGRESSIVE;
				GCC_WARN_UNUSED_FUNCTION = YES;
				GCC_WARN_UNUSED_VARIABLE = YES;
				IPHONEOS_DEPLOYMENT_TARGET = 13.4;
				MTL_ENABLE_DEBUG_INFO = INCLUDE_SOURCE;
				MTL_FAST_MATH = YES;
				ONLY_ACTIVE_ARCH = YES;
				SDKROOT = iphoneos;
				SWIFT_ACTIVE_COMPILATION_CONDITIONS = DEBUG;
				SWIFT_OPTIMIZATION_LEVEL = "-Onone";
			};
			name = Debug;
		};
		720C7A7C243283C70018B1EF /* Release */ = {
			isa = XCBuildConfiguration;
			buildSettings = {
				ALWAYS_SEARCH_USER_PATHS = NO;
				CLANG_ANALYZER_NONNULL = YES;
				CLANG_ANALYZER_NUMBER_OBJECT_CONVERSION = YES_AGGRESSIVE;
				CLANG_CXX_LANGUAGE_STANDARD = "gnu++14";
				CLANG_CXX_LIBRARY = "libc++";
				CLANG_ENABLE_MODULES = YES;
				CLANG_ENABLE_OBJC_ARC = YES;
				CLANG_ENABLE_OBJC_WEAK = YES;
				CLANG_WARN_BLOCK_CAPTURE_AUTORELEASING = YES;
				CLANG_WARN_BOOL_CONVERSION = YES;
				CLANG_WARN_COMMA = YES;
				CLANG_WARN_CONSTANT_CONVERSION = YES;
				CLANG_WARN_DEPRECATED_OBJC_IMPLEMENTATIONS = YES;
				CLANG_WARN_DIRECT_OBJC_ISA_USAGE = YES_ERROR;
				CLANG_WARN_DOCUMENTATION_COMMENTS = YES;
				CLANG_WARN_EMPTY_BODY = YES;
				CLANG_WARN_ENUM_CONVERSION = YES;
				CLANG_WARN_INFINITE_RECURSION = YES;
				CLANG_WARN_INT_CONVERSION = YES;
				CLANG_WARN_NON_LITERAL_NULL_CONVERSION = YES;
				CLANG_WARN_OBJC_IMPLICIT_RETAIN_SELF = YES;
				CLANG_WARN_OBJC_LITERAL_CONVERSION = YES;
				CLANG_WARN_OBJC_ROOT_CLASS = YES_ERROR;
				CLANG_WARN_RANGE_LOOP_ANALYSIS = YES;
				CLANG_WARN_STRICT_PROTOTYPES = YES;
				CLANG_WARN_SUSPICIOUS_MOVE = YES;
				CLANG_WARN_UNGUARDED_AVAILABILITY = YES_AGGRESSIVE;
				CLANG_WARN_UNREACHABLE_CODE = YES;
				CLANG_WARN__DUPLICATE_METHOD_MATCH = YES;
				COPY_PHASE_STRIP = NO;
				DEBUG_INFORMATION_FORMAT = "dwarf-with-dsym";
				ENABLE_NS_ASSERTIONS = NO;
				ENABLE_STRICT_OBJC_MSGSEND = YES;
				GCC_C_LANGUAGE_STANDARD = gnu11;
				GCC_NO_COMMON_BLOCKS = YES;
				GCC_WARN_64_TO_32_BIT_CONVERSION = YES;
				GCC_WARN_ABOUT_RETURN_TYPE = YES_ERROR;
				GCC_WARN_UNDECLARED_SELECTOR = YES;
				GCC_WARN_UNINITIALIZED_AUTOS = YES_AGGRESSIVE;
				GCC_WARN_UNUSED_FUNCTION = YES;
				GCC_WARN_UNUSED_VARIABLE = YES;
				IPHONEOS_DEPLOYMENT_TARGET = 13.4;
				MTL_ENABLE_DEBUG_INFO = NO;
				MTL_FAST_MATH = YES;
				SDKROOT = iphoneos;
				SWIFT_COMPILATION_MODE = wholemodule;
				SWIFT_OPTIMIZATION_LEVEL = "-O";
				VALIDATE_PRODUCT = YES;
			};
			name = Release;
		};
		720C7A7E243283C70018B1EF /* Debug */ = {
			isa = XCBuildConfiguration;
			baseConfigurationReference = 7C9D4BFF333D7C7A62ED41A6 /* Pods-AttractionsMap.debug.xcconfig */;
			buildSettings = {
				ASSETCATALOG_COMPILER_APPICON_NAME = AppIcon;
				CODE_SIGN_STYLE = Automatic;
				DEVELOPMENT_TEAM = T6696YN386;
				FRAMEWORK_SEARCH_PATHS = (
					"$(inherited)"
				);
				INFOPLIST_FILE = AttractionsMap/Info.plist;
				LD_RUNPATH_SEARCH_PATHS = (
					"$(inherited)",
					"@executable_path/Frameworks",
				);
				PRODUCT_BUNDLE_IDENTIFIER = nikitagundorin.AttractionsMap;
				PRODUCT_NAME = "$(TARGET_NAME)";
				SWIFT_VERSION = 5.0;
				TARGETED_DEVICE_FAMILY = "1,2";
			};
			name = Debug;
		};
		720C7A7F243283C70018B1EF /* Release */ = {
			isa = XCBuildConfiguration;
			baseConfigurationReference = 986796479F1A89B0E5417BAC /* Pods-AttractionsMap.release.xcconfig */;
			buildSettings = {
				ASSETCATALOG_COMPILER_APPICON_NAME = AppIcon;
				CODE_SIGN_STYLE = Automatic;
				DEVELOPMENT_TEAM = T6696YN386;
				FRAMEWORK_SEARCH_PATHS = (
					"$(inherited)"
				);
				INFOPLIST_FILE = AttractionsMap/Info.plist;
				LD_RUNPATH_SEARCH_PATHS = (
					"$(inherited)",
					"@executable_path/Frameworks",
				);
				PRODUCT_BUNDLE_IDENTIFIER = nikitagundorin.AttractionsMap;
				PRODUCT_NAME = "$(TARGET_NAME)";
				SWIFT_VERSION = 5.0;
				TARGETED_DEVICE_FAMILY = "1,2";
			};
			name = Release;
		};
/* End XCBuildConfiguration section */

/* Begin XCConfigurationList section */
		720C7A64243283C70018B1EF /* Build configuration list for PBXProject "AttractionsMap" */ = {
			isa = XCConfigurationList;
			buildConfigurations = (
				720C7A7B243283C70018B1EF /* Debug */,
				720C7A7C243283C70018B1EF /* Release */,
			);
			defaultConfigurationIsVisible = 0;
			defaultConfigurationName = Release;
		};
		720C7A7D243283C70018B1EF /* Build configuration list for PBXNativeTarget "AttractionsMap" */ = {
			isa = XCConfigurationList;
			buildConfigurations = (
				720C7A7E243283C70018B1EF /* Debug */,
				720C7A7F243283C70018B1EF /* Release */,
			);
			defaultConfigurationIsVisible = 0;
			defaultConfigurationName = Release;
		};
/* End XCConfigurationList section */
	};
	rootObject = 720C7A61243283C70018B1EF /* Project object */;
}
